// !$*UTF8*$!
{
	archiveVersion = 1;
	classes = {
	};
	objectVersion = 46;
	objects = {

/* Begin PBXBuildFile section */
		1F464FBF1999B923008C0640 /* AppDelegate.swift in Sources */ = {isa = PBXBuildFile; fileRef = 1F464FBE1999B923008C0640 /* AppDelegate.swift */; };
		1F464FC11999B923008C0640 /* ViewController.swift in Sources */ = {isa = PBXBuildFile; fileRef = 1F464FC01999B923008C0640 /* ViewController.swift */; };
		1F464FC41999B923008C0640 /* Main.storyboard in Resources */ = {isa = PBXBuildFile; fileRef = 1F464FC21999B923008C0640 /* Main.storyboard */; };
		1F464FC61999B923008C0640 /* Images.xcassets in Resources */ = {isa = PBXBuildFile; fileRef = 1F464FC51999B923008C0640 /* Images.xcassets */; };
		1F464FD21999B923008C0640 /* Cat_YearsTests.swift in Sources */ = {isa = PBXBuildFile; fileRef = 1F464FD11999B923008C0640 /* Cat_YearsTests.swift */; };
		1F464FDC1999BC6F008C0640 /* Cute_cat_1.jpg in Resources */ = {isa = PBXBuildFile; fileRef = 1F464FDB1999BC6F008C0640 /* Cute_cat_1.jpg */; };
/* End PBXBuildFile section */

/* Begin PBXContainerItemProxy section */
		1F464FCC1999B923008C0640 /* PBXContainerItemProxy */ = {
			isa = PBXContainerItemProxy;
			containerPortal = 1F464FB11999B923008C0640 /* Project object */;
			proxyType = 1;
			remoteGlobalIDString = 1F464FB81999B923008C0640;
			remoteInfo = "Cat Years";
		};
/* End PBXContainerItemProxy section */

/* Begin PBXFileReference section */
		1F464FB91999B923008C0640 /* Cat Years.app */ = {isa = PBXFileReference; explicitFileType = wrapper.application; includeInIndex = 0; path = "Cat Years.app"; sourceTree = BUILT_PRODUCTS_DIR; };
		1F464FBD1999B923008C0640 /* Info.plist */ = {isa = PBXFileReference; lastKnownFileType = text.plist.xml; path = Info.plist; sourceTree = "<group>"; };
		1F464FBE1999B923008C0640 /* AppDelegate.swift */ = {isa = PBXFileReference; lastKnownFileType = sourcecode.swift; path = AppDelegate.swift; sourceTree = "<group>"; };
		1F464FC01999B923008C0640 /* ViewController.swift */ = {isa = PBXFileReference; lastKnownFileType = sourcecode.swift; path = ViewController.swift; sourceTree = "<group>"; };
		1F464FC31999B923008C0640 /* Base */ = {isa = PBXFileReference; lastKnownFileType = file.storyboard; name = Base; path = Base.lproj/Main.storyboard; sourceTree = "<group>"; };
		1F464FC51999B923008C0640 /* Images.xcassets */ = {isa = PBXFileReference; lastKnownFileType = folder.assetcatalog; path = Images.xcassets; sourceTree = "<group>"; };
		1F464FCB1999B923008C0640 /* Cat YearsTests.xctest */ = {isa = PBXFileReference; explicitFileType = wrapper.cfbundle; includeInIndex = 0; path = "Cat YearsTests.xctest"; sourceTree = BUILT_PRODUCTS_DIR; };
		1F464FD01999B923008C0640 /* Info.plist */ = {isa = PBXFileReference; lastKnownFileType = text.plist.xml; path = Info.plist; sourceTree = "<group>"; };
		1F464FD11999B923008C0640 /* Cat_YearsTests.swift */ = {isa = PBXFileReference; lastKnownFileType = sourcecode.swift; path = Cat_YearsTests.swift; sourceTree = "<group>"; };
		1F464FDB1999BC6F008C0640 /* Cute_cat_1.jpg */ = {isa = PBXFileReference; lastKnownFileType = image.jpeg; name = Cute_cat_1.jpg; path = ../../../../../Desktop/Cute_cat_1.jpg; sourceTree = "<group>"; };
/* End PBXFileReference section */

/* Begin PBXFrameworksBuildPhase section */
		1F464FB61999B923008C0640 /* Frameworks */ = {
			isa = PBXFrameworksBuildPhase;
			buildActionMask = 2147483647;
			files = (
			);
			runOnlyForDeploymentPostprocessing = 0;
		};
		1F464FC81999B923008C0640 /* Frameworks */ = {
			isa = PBXFrameworksBuildPhase;
			buildActionMask = 2147483647;
			files = (
			);
			runOnlyForDeploymentPostprocessing = 0;
		};
/* End PBXFrameworksBuildPhase section */

/* Begin PBXGroup section */
		1F464FB01999B923008C0640 = {
			isa = PBXGroup;
			children = (
				1F464FBB1999B923008C0640 /* Cat Years */,
				1F464FCE1999B923008C0640 /* Cat YearsTests */,
				1F464FBA1999B923008C0640 /* Products */,
			);
			sourceTree = "<group>";
		};
		1F464FBA1999B923008C0640 /* Products */ = {
			isa = PBXGroup;
			children = (
				1F464FB91999B923008C0640 /* Cat Years.app */,
				1F464FCB1999B923008C0640 /* Cat YearsTests.xctest */,
			);
			name = Products;
			sourceTree = "<group>";
		};
		1F464FBB1999B923008C0640 /* Cat Years */ = {
			isa = PBXGroup;
			children = (
				1F464FBE1999B923008C0640 /* AppDelegate.swift */,
				1F464FC01999B923008C0640 /* ViewController.swift */,
				1F464FC21999B923008C0640 /* Main.storyboard */,
				1F464FDB1999BC6F008C0640 /* Cute_cat_1.jpg */,
				1F464FC51999B923008C0640 /* Images.xcassets */,
				1F464FBC1999B923008C0640 /* Supporting Files */,
			);
			path = "Cat Years";
			sourceTree = "<group>";
		};
		1F464FBC1999B923008C0640 /* Supporting Files */ = {
			isa = PBXGroup;
			children = (
				1F464FBD1999B923008C0640 /* Info.plist */,
			);
			name = "Supporting Files";
			sourceTree = "<group>";
		};
		1F464FCE1999B923008C0640 /* Cat YearsTests */ = {
			isa = PBXGroup;
			children = (
				1F464FD11999B923008C0640 /* Cat_YearsTests.swift */,
				1F464FCF1999B923008C0640 /* Supporting Files */,
			);
			path = "Cat YearsTests";
			sourceTree = "<group>";
		};
		1F464FCF1999B923008C0640 /* Supporting Files */ = {
			isa = PBXGroup;
			children = (
				1F464FD01999B923008C0640 /* Info.plist */,
			);
			name = "Supporting Files";
			sourceTree = "<group>";
		};
/* End PBXGroup section */

/* Begin PBXNativeTarget section */
		1F464FB81999B923008C0640 /* Cat Years */ = {
			isa = PBXNativeTarget;
			buildConfigurationList = 1F464FD51999B923008C0640 /* Build configuration list for PBXNativeTarget "Cat Years" */;
			buildPhases = (
				1F464FB51999B923008C0640 /* Sources */,
				1F464FB61999B923008C0640 /* Frameworks */,
				1F464FB71999B923008C0640 /* Resources */,
			);
			buildRules = (
			);
			dependencies = (
			);
			name = "Cat Years";
			productName = "Cat Years";
			productReference = 1F464FB91999B923008C0640 /* Cat Years.app */;
			productType = "com.apple.product-type.application";
		};
		1F464FCA1999B923008C0640 /* Cat YearsTests */ = {
			isa = PBXNativeTarget;
			buildConfigurationList = 1F464FD81999B923008C0640 /* Build configuration list for PBXNativeTarget "Cat YearsTests" */;
			buildPhases = (
				1F464FC71999B923008C0640 /* Sources */,
				1F464FC81999B923008C0640 /* Frameworks */,
				1F464FC91999B923008C0640 /* Resources */,
			);
			buildRules = (
			);
			dependencies = (
				1F464FCD1999B923008C0640 /* PBXTargetDependency */,
			);
			name = "Cat YearsTests";
			productName = "Cat YearsTests";
			productReference = 1F464FCB1999B923008C0640 /* Cat YearsTests.xctest */;
			productType = "com.apple.product-type.bundle.unit-test";
		};
/* End PBXNativeTarget section */

/* Begin PBXProject section */
		1F464FB11999B923008C0640 /* Project object */ = {
			isa = PBXProject;
			attributes = {
				LastUpgradeCheck = 0600;
				ORGANIZATIONNAME = "小树王国";
				TargetAttributes = {
					1F464FB81999B923008C0640 = {
						CreatedOnToolsVersion = 6.0;
					};
					1F464FCA1999B923008C0640 = {
						CreatedOnToolsVersion = 6.0;
						TestTargetID = 1F464FB81999B923008C0640;
					};
				};
			};
			buildConfigurationList = 1F464FB41999B923008C0640 /* Build configuration list for PBXProject "Cat Years" */;
			compatibilityVersion = "Xcode 3.2";
			developmentRegion = English;
			hasScannedForEncodings = 0;
			knownRegions = (
				en,
				Base,
			);
			mainGroup = 1F464FB01999B923008C0640;
			productRefGroup = 1F464FBA1999B923008C0640 /* Products */;
			projectDirPath = "";
			projectRoot = "";
			targets = (
				1F464FB81999B923008C0640 /* Cat Years */,
				1F464FCA1999B923008C0640 /* Cat YearsTests */,
			);
		};
/* End PBXProject section */

/* Begin PBXResourcesBuildPhase section */
		1F464FB71999B923008C0640 /* Resources */ = {
			isa = PBXResourcesBuildPhase;
			buildActionMask = 2147483647;
			files = (
				1F464FC41999B923008C0640 /* Main.storyboard in Resources */,
				1F464FC61999B923008C0640 /* Images.xcassets in Resources */,
				1F464FDC1999BC6F008C0640 /* Cute_cat_1.jpg in Resources */,
			);
			runOnlyForDeploymentPostprocessing = 0;
		};
		1F464FC91999B923008C0640 /* Resources */ = {
			isa = PBXResourcesBuildPhase;
			buildActionMask = 2147483647;
			files = (
			);
			runOnlyForDeploymentPostprocessing = 0;
		};
/* End PBXResourcesBuildPhase section */

/* Begin PBXSourcesBuildPhase section */
		1F464FB51999B923008C0640 /* Sources */ = {
			isa = PBXSourcesBuildPhase;
			buildActionMask = 2147483647;
			files = (
				1F464FC11999B923008C0640 /* ViewController.swift in Sources */,
				1F464FBF1999B923008C0640 /* AppDelegate.swift in Sources */,
			);
			runOnlyForDeploymentPostprocessing = 0;
		};
		1F464FC71999B923008C0640 /* Sources */ = {
			isa = PBXSourcesBuildPhase;
			buildActionMask = 2147483647;
			files = (
				1F464FD21999B923008C0640 /* Cat_YearsTests.swift in Sources */,
			);
			runOnlyForDeploymentPostprocessing = 0;
		};
/* End PBXSourcesBuildPhase section */

/* Begin PBXTargetDependency section */
		1F464FCD1999B923008C0640 /* PBXTargetDependency */ = {
			isa = PBXTargetDependency;
			target = 1F464FB81999B923008C0640 /* Cat Years */;
			targetProxy = 1F464FCC1999B923008C0640 /* PBXContainerItemProxy */;
		};
/* End PBXTargetDependency section */

/* Begin PBXVariantGroup section */
		1F464FC21999B923008C0640 /* Main.storyboard */ = {
			isa = PBXVariantGroup;
			children = (
				1F464FC31999B923008C0640 /* Base */,
			);
			name = Main.storyboard;
			sourceTree = "<group>";
		};
/* End PBXVariantGroup section */

/* Begin XCBuildConfiguration section */
		1F464FD31999B923008C0640 /* Debug */ = {
			isa = XCBuildConfiguration;
			buildSettings = {
				ALWAYS_SEARCH_USER_PATHS = NO;
				CLANG_CXX_LANGUAGE_STANDARD = "gnu++0x";
				CLANG_CXX_LIBRARY = "libc++";
				CLANG_ENABLE_MODULES = YES;
				CLANG_ENABLE_OBJC_ARC = YES;
				CLANG_WARN_BOOL_CONVERSION = YES;
				CLANG_WARN_CONSTANT_CONVERSION = YES;
				CLANG_WARN_DIRECT_OBJC_ISA_USAGE = YES_ERROR;
				CLANG_WARN_EMPTY_BODY = YES;
				CLANG_WARN_ENUM_CONVERSION = YES;
				CLANG_WARN_INT_CONVERSION = YES;
				CLANG_WARN_OBJC_ROOT_CLASS = YES_ERROR;
				CLANG_WARN_UNREACHABLE_CODE = YES;
				CLANG_WARN__DUPLICATE_METHOD_MATCH = YES;
				"CODE_SIGN_IDENTITY[sdk=iphoneos*]" = "iPhone Developer";
				COPY_PHASE_STRIP = NO;
				ENABLE_STRICT_OBJC_MSGSEND = YES;
				GCC_C_LANGUAGE_STANDARD = gnu99;
				GCC_DYNAMIC_NO_PIC = NO;
				GCC_OPTIMIZATION_LEVEL = 0;
				GCC_PREPROCESSOR_DEFINITIONS = (
					"DEBUG=1",
					"$(inherited)",
				);
				GCC_SYMBOLS_PRIVATE_EXTERN = NO;
				GCC_WARN_64_TO_32_BIT_CONVERSION = YES;
				GCC_WARN_ABOUT_RETURN_TYPE = YES_ERROR;
				GCC_WARN_UNDECLARED_SELECTOR = YES;
				GCC_WARN_UNINITIALIZED_AUTOS = YES_AGGRESSIVE;
				GCC_WARN_UNUSED_FUNCTION = YES;
				GCC_WARN_UNUSED_VARIABLE = YES;
				IPHONEOS_DEPLOYMENT_TARGET = 8.0;
				MTL_ENABLE_DEBUG_INFO = YES;
				ONLY_ACTIVE_ARCH = YES;
				SDKROOT = iphoneos;
				SWIFT_OPTIMIZATION_LEVEL = "-Onone";
			};
			name = Debug;
		};
		1F464FD41999B923008C0640 /* Release */ = {
			isa = XCBuildConfiguration;
			buildSettings = {
				ALWAYS_SEARCH_USER_PATHS = NO;
				CLANG_CXX_LANGUAGE_STANDARD = "gnu++0x";
				CLANG_CXX_LIBRARY = "libc++";
				CLANG_ENABLE_MODULES = YES;
				CLANG_ENABLE_OBJC_ARC = YES;
				CLANG_WARN_BOOL_CONVERSION = YES;
				CLANG_WARN_CONSTANT_CONVERSION = YES;
				CLANG_WARN_DIRECT_OBJC_ISA_USAGE = YES_ERROR;
				CLANG_WARN_EMPTY_BODY = YES;
				CLANG_WARN_ENUM_CONVERSION = YES;
				CLANG_WARN_INT_CONVERSION = YES;
				CLANG_WARN_OBJC_ROOT_CLASS = YES_ERROR;
				CLANG_WARN_UNREACHABLE_CODE = YES;
				CLANG_WARN__DUPLICATE_METHOD_MATCH = YES;
				"CODE_SIGN_IDENTITY[sdk=iphoneos*]" = "iPhone Developer";
				COPY_PHASE_STRIP = YES;
				ENABLE_NS_ASSERTIONS = NO;
				ENABLE_STRICT_OBJC_MSGSEND = YES;
				GCC_C_LANGUAGE_STANDARD = gnu99;
				GCC_WARN_64_TO_32_BIT_CONVERSION = YES;
				GCC_WARN_ABOUT_RETURN_TYPE = YES_ERROR;
				GCC_WARN_UNDECLARED_SELECTOR = YES;
				GCC_WARN_UNINITIALIZED_AUTOS = YES_AGGRESSIVE;
				GCC_WARN_UNUSED_FUNCTION = YES;
				GCC_WARN_UNUSED_VARIABLE = YES;
				IPHONEOS_DEPLOYMENT_TARGET = 8.0;
				MTL_ENABLE_DEBUG_INFO = NO;
				SDKROOT = iphoneos;
				VALIDATE_PRODUCT = YES;
			};
			name = Release;
		};
		1F464FD61999B923008C0640 /* Debug */ = {
			isa = XCBuildConfiguration;
			buildSettings = {
				ASSETCATALOG_COMPILER_APPICON_NAME = AppIcon;
				ASSETCATALOG_COMPILER_LAUNCHIMAGE_NAME = LaunchImage;
				INFOPLIST_FILE = "Cat Years/Info.plist";
				LD_RUNPATH_SEARCH_PATHS = "$(inherited) @executable_path/Frameworks";
				PRODUCT_NAME = "$(TARGET_NAME)";
			};
			name = Debug;
		};
		1F464FD71999B923008C0640 /* Release */ = {
			isa = XCBuildConfiguration;
			buildSettings = {
				ASSETCATALOG_COMPILER_APPICON_NAME = AppIcon;
				ASSETCATALOG_COMPILER_LAUNCHIMAGE_NAME = LaunchImage;
				INFOPLIST_FILE = "Cat Years/Info.plist";
				LD_RUNPATH_SEARCH_PATHS = "$(inherited) @executable_path/Frameworks";
				PRODUCT_NAME = "$(TARGET_NAME)";
			};
			name = Release;
		};
		1F464FD91999B923008C0640 /* Debug */ = {
			isa = XCBuildConfiguration;
			buildSettings = {
				BUNDLE_LOADER = "$(TEST_HOST)";
				FRAMEWORK_SEARCH_PATHS = (
					"$(SDKROOT)/Developer/Library/Frameworks",
					"$(inherited)",
				);
				GCC_PREPROCESSOR_DEFINITIONS = (
					"DEBUG=1",
					"$(inherited)",
				);
				INFOPLIST_FILE = "Cat YearsTests/Info.plist";
				LD_RUNPATH_SEARCH_PATHS = "$(inherited) @executable_path/Frameworks @loader_path/Frameworks";
				PRODUCT_NAME = "$(TARGET_NAME)";
				TEST_HOST = "$(BUILT_PRODUCTS_DIR)/Cat Years.app/Cat Years";
			};
			name = Debug;
		};
		1F464FDA1999B923008C0640 /* Release */ = {
			isa = XCBuildConfiguration;
			buildSettings = {
				BUNDLE_LOADER = "$(TEST_HOST)";
				FRAMEWORK_SEARCH_PATHS = (
					"$(SDKROOT)/Developer/Library/Frameworks",
					"$(inherited)",
				);
				INFOPLIST_FILE = "Cat YearsTests/Info.plist";
				LD_RUNPATH_SEARCH_PATHS = "$(inherited) @executable_path/Frameworks @loader_path/Frameworks";
				PRODUCT_NAME = "$(TARGET_NAME)";
				TEST_HOST = "$(BUILT_PRODUCTS_DIR)/Cat Years.app/Cat Years";
			};
			name = Release;
		};
/* End XCBuildConfiguration section */

/* Begin XCConfigurationList section */
		1F464FB41999B923008C0640 /* Build configuration list for PBXProject "Cat Years" */ = {
			isa = XCConfigurationList;
			buildConfigurations = (
				1F464FD31999B923008C0640 /* Debug */,
				1F464FD41999B923008C0640 /* Release */,
			);
			defaultConfigurationIsVisible = 0;
			defaultConfigurationName = Release;
		};
		1F464FD51999B923008C0640 /* Build configuration list for PBXNativeTarget "Cat Years" */ = {
			isa = XCConfigurationList;
			buildConfigurations = (
				1F464FD61999B923008C0640 /* Debug */,
				1F464FD71999B923008C0640 /* Release */,
			);
			defaultConfigurationIsVisible = 0;
		};
		1F464FD81999B923008C0640 /* Build configuration list for PBXNativeTarget "Cat YearsTests" */ = {
			isa = XCConfigurationList;
			buildConfigurations = (
				1F464FD91999B923008C0640 /* Debug */,
				1F464FDA1999B923008C0640 /* Release */,
			);
			defaultConfigurationIsVisible = 0;
		};
/* End XCConfigurationList section */
	};
	rootObject = 1F464FB11999B923008C0640 /* Project object */;
}
